
Microsoft Visual Studio Solution File, Format Version 12.00
# Visual Studio Version 16
VisualStudioVersion = 16.0.30611.23
MinimumVisualStudioVersion = 10.0.40219.1
Project("{FAE04EC0-301F-11D3-BF4B-00C04F79EFBC}") = "SharpUnhooker", "SharpUnhooker\SharpUnhooker.csproj", "{1FC9931A-5D65-45EE-BF9C-B4C9972EEEA7}"
EndProject
Global
	GlobalSection(SolutionConfigurationPlatforms) = preSolution
		Debug|Any CPU = Debug|Any CPU
		Release|Any CPU = Release|Any CPU
	EndGlobalSection
	GlobalSection(ProjectConfigurationPlatforms) = postSolution
		{1FC9931A-5D65-45EE-BF9C-B4C9972EEEA7}.Debug|Any CPU.ActiveCfg = Debug|Any CPU
		{1FC9931A-5D65-45EE-BF9C-B4C9972EEEA7}.Debug|Any CPU.Build.0 = Debug|Any CPU
		{1FC9931A-5D65-45EE-BF9C-B4C9972EEEA7}.Release|Any CPU.ActiveCfg = Release|Any CPU
		{1FC9931A-5D65-45EE-BF9C-B4C9972EEEA7}.Release|Any CPU.Build.0 = Release|Any CPU
	EndGlobalSection
	GlobalSection(SolutionProperties) = preSolution
		HideSolutionNode = FALSE
	EndGlobalSection
	GlobalSection(ExtensibilityGlobals) = postSolution
		SolutionGuid = {A226C456-AD74-4D70-AAEF-EFE4ED9CBA9E}
	EndGlobalSection
EndGlobal
